
Microsoft Visual Studio Solution File, Format Version 10.00
# Visual C# Express 2008
Project("{FAE04EC0-301F-11D3-BF4B-00C04F79EFBC}") = "Ondit", "Ondit\Ondit.csproj", "{C1AC9232-8937-4C42-B5F8-4237D324ACDB}"
EndProject
Project("{FAE04EC0-301F-11D3-BF4B-00C04F79EFBC}") = "OnditTests", "OnditTests\OnditTests.csproj", "{5D0072E9-70E3-4DCA-A9BC-750F24D4256F}"
EndProject
Global
	GlobalSection(SolutionConfigurationPlatforms) = preSolution
		Debug|Any CPU = Debug|Any CPU
		Release|Any CPU = Release|Any CPU
	EndGlobalSection
	GlobalSection(ProjectConfigurationPlatforms) = postSolution
		{C1AC9232-8937-4C42-B5F8-4237D324ACDB}.Debug|Any CPU.ActiveCfg = Debug|Any CPU
		{C1AC9232-8937-4C42-B5F8-4237D324ACDB}.Debug|Any CPU.Build.0 = Debug|Any CPU
		{C1AC9232-8937-4C42-B5F8-4237D324ACDB}.Release|Any CPU.ActiveCfg = Release|Any CPU
		{C1AC9232-8937-4C42-B5F8-4237D324ACDB}.Release|Any CPU.Build.0 = Release|Any CPU
		{5D0072E9-70E3-4DCA-A9BC-750F24D4256F}.Debug|Any CPU.ActiveCfg = Debug|Any CPU
		{5D0072E9-70E3-4DCA-A9BC-750F24D4256F}.Debug|Any CPU.Build.0 = Debug|Any CPU
		{5D0072E9-70E3-4DCA-A9BC-750F24D4256F}.Release|Any CPU.ActiveCfg = Release|Any CPU
		{5D0072E9-70E3-4DCA-A9BC-750F24D4256F}.Release|Any CPU.Build.0 = Release|Any CPU
	EndGlobalSection
	GlobalSection(SolutionProperties) = preSolution
		HideSolutionNode = FALSE
	EndGlobalSection
EndGlobal
